
Microsoft Visual Studio Solution File, Format Version 12.00
# Visual Studio Version 16
VisualStudioVersion = 16.0.32407.337
MinimumVisualStudioVersion = 10.0.40219.1
Project("{FAE04EC0-301F-11D3-BF4B-00C04F79EFBC}") = "CONSOLE", "CONSOLE\CONSOLE.csproj", "{B50D6A60-A655-491F-95A8-695DA866476B}"
EndProject
Global
	GlobalSection(SolutionConfigurationPlatforms) = preSolution
		Debug|Any CPU = Debug|Any CPU
		Release|Any CPU = Release|Any CPU
	EndGlobalSection
	GlobalSection(ProjectConfigurationPlatforms) = postSolution
		{B50D6A60-A655-491F-95A8-695DA866476B}.Debug|Any CPU.ActiveCfg = Debug|Any CPU
		{B50D6A60-A655-491F-95A8-695DA866476B}.Debug|Any CPU.Build.0 = Debug|Any CPU
		{B50D6A60-A655-491F-95A8-695DA866476B}.Release|Any CPU.ActiveCfg = Release|Any CPU
		{B50D6A60-A655-491F-95A8-695DA866476B}.Release|Any CPU.Build.0 = Release|Any CPU
	EndGlobalSection
	GlobalSection(SolutionProperties) = preSolution
		HideSolutionNode = FALSE
	EndGlobalSection
	GlobalSection(ExtensibilityGlobals) = postSolution
		SolutionGuid = {A0B73B4A-00EA-452B-A3F4-0E9D38743BB9}
	EndGlobalSection
EndGlobal
